// !$*UTF8*$!
{
	archiveVersion = 1;
	classes = {
	};
	objectVersion = 56;
	objects = {

/* Begin PBXBuildFile section */
		A100000001 /* AirBenderApp.swift in Sources */ = {isa = PBXBuildFile; fileRef = F100000001 /* AirBenderApp.swift */; };
		A100000002 /* FanControlPopoverView.swift in Sources */ = {isa = PBXBuildFile; fileRef = F100000002 /* FanControlPopoverView.swift */; };
		A100000003 /* VisualEffectBackground.swift in Sources */ = {isa = PBXBuildFile; fileRef = F100000003 /* VisualEffectBackground.swift */; };
		A100000004 /* FanControlViewModel.swift in Sources */ = {isa = PBXBuildFile; fileRef = F100000004 /* FanControlViewModel.swift */; };
		A100000005 /* HelperClient.swift in Sources */ = {isa = PBXBuildFile; fileRef = F100000005 /* HelperClient.swift */; };
		A100000006 /* HelperProtocol.swift in Sources */ = {isa = PBXBuildFile; fileRef = F100000006 /* HelperProtocol.swift */; };
		A100000007 /* Assets.xcassets in Resources */ = {isa = PBXBuildFile; fileRef = F100000007 /* Assets.xcassets */; };
		A100000008 /* ServiceManagement.framework in Frameworks */ = {isa = PBXBuildFile; fileRef = F100000020 /* ServiceManagement.framework */; };
		B100000001 /* main.swift in Sources */ = {isa = PBXBuildFile; fileRef = F100000010 /* main.swift */; };
		B100000002 /* HelperService.swift in Sources */ = {isa = PBXBuildFile; fileRef = F100000011 /* HelperService.swift */; };
		B100000003 /* SMCWrapper.swift in Sources */ = {isa = PBXBuildFile; fileRef = F100000012 /* SMCWrapper.swift */; };
		B100000004 /* SMC.c in Sources */ = {isa = PBXBuildFile; fileRef = F100000013 /* SMC.c */; };
		B100000005 /* HelperProtocol.swift in Sources */ = {isa = PBXBuildFile; fileRef = F100000006 /* HelperProtocol.swift */; };
		B100000006 /* IOKit.framework in Frameworks */ = {isa = PBXBuildFile; fileRef = F100000021 /* IOKit.framework */; };
		B100000007 /* Security.framework in Frameworks */ = {isa = PBXBuildFile; fileRef = F100000022 /* Security.framework */; };
		C100000001 /* com.airbender.helper in Copy Helper */ = {isa = PBXBuildFile; fileRef = E200000002 /* com.airbender.helper */; settings = {ATTRIBUTES = (CodeSignOnCopy, ); }; };
		C100000002 /* com.airbender.helper.plist in Copy Launch Daemon Plist */ = {isa = PBXBuildFile; fileRef = F100000017 /* com.airbender.helper.plist */; };
/* End PBXBuildFile section */

/* Begin PBXContainerItemProxy section */
		PROXY000001 /* PBXContainerItemProxy */ = {
			isa = PBXContainerItemProxy;
			containerPortal = P000000001 /* Project object */;
			proxyType = 1;
			remoteGlobalIDString = T100000002;
			remoteInfo = com.airbender.helper;
		};
/* End PBXContainerItemProxy section */

/* Begin PBXCopyFilesBuildPhase section */
		D100000001 /* Copy Helper */ = {
			isa = PBXCopyFilesBuildPhase;
			buildActionMask = 2147483647;
			dstPath = "";
			dstSubfolderSpec = 6;
			files = (
				C100000001 /* com.airbender.helper in Copy Helper */,
			);
			name = "Copy Helper";
			runOnlyForDeploymentPostprocessing = 0;
		};
		D100000002 /* Copy Launch Daemon Plist */ = {
			isa = PBXCopyFilesBuildPhase;
			buildActionMask = 2147483647;
			dstPath = Contents/Library/LaunchDaemons;
			dstSubfolderSpec = 1;
			files = (
				C100000002 /* com.airbender.helper.plist in Copy Launch Daemon Plist */,
			);
			name = "Copy Launch Daemon Plist";
			runOnlyForDeploymentPostprocessing = 0;
		};
/* End PBXCopyFilesBuildPhase section */

/* Begin PBXFileReference section */
		E200000001 /* AirBender.app */ = {isa = PBXFileReference; explicitFileType = wrapper.application; includeInIndex = 0; path = AirBender.app; sourceTree = BUILT_PRODUCTS_DIR; };
		E200000002 /* com.airbender.helper */ = {isa = PBXFileReference; explicitFileType = "compiled.mach-o.executable"; includeInIndex = 0; path = com.airbender.helper; sourceTree = BUILT_PRODUCTS_DIR; };
		F100000001 /* AirBenderApp.swift */ = {isa = PBXFileReference; lastKnownFileType = sourcecode.swift; path = AirBenderApp.swift; sourceTree = "<group>"; };
		F100000002 /* FanControlPopoverView.swift */ = {isa = PBXFileReference; lastKnownFileType = sourcecode.swift; path = FanControlPopoverView.swift; sourceTree = "<group>"; };
		F100000003 /* VisualEffectBackground.swift */ = {isa = PBXFileReference; lastKnownFileType = sourcecode.swift; path = VisualEffectBackground.swift; sourceTree = "<group>"; };
		F100000004 /* FanControlViewModel.swift */ = {isa = PBXFileReference; lastKnownFileType = sourcecode.swift; path = FanControlViewModel.swift; sourceTree = "<group>"; };
		F100000005 /* HelperClient.swift */ = {isa = PBXFileReference; lastKnownFileType = sourcecode.swift; path = HelperClient.swift; sourceTree = "<group>"; };
		F100000006 /* HelperProtocol.swift */ = {isa = PBXFileReference; lastKnownFileType = sourcecode.swift; path = HelperProtocol.swift; sourceTree = "<group>"; };
		F100000007 /* Assets.xcassets */ = {isa = PBXFileReference; lastKnownFileType = folder.assetcatalog; path = Assets.xcassets; sourceTree = "<group>"; };
		F100000008 /* Info.plist */ = {isa = PBXFileReference; lastKnownFileType = text.plist.xml; path = Info.plist; sourceTree = "<group>"; };
		F100000009 /* AirBender.entitlements */ = {isa = PBXFileReference; lastKnownFileType = text.plist.entitlements; path = AirBender.entitlements; sourceTree = "<group>"; };
		F100000010 /* main.swift */ = {isa = PBXFileReference; lastKnownFileType = sourcecode.swift; path = main.swift; sourceTree = "<group>"; };
		F100000011 /* HelperService.swift */ = {isa = PBXFileReference; lastKnownFileType = sourcecode.swift; path = HelperService.swift; sourceTree = "<group>"; };
		F100000012 /* SMCWrapper.swift */ = {isa = PBXFileReference; lastKnownFileType = sourcecode.swift; path = SMCWrapper.swift; sourceTree = "<group>"; };
		F100000013 /* SMC.c */ = {isa = PBXFileReference; lastKnownFileType = sourcecode.c.c; path = SMC.c; sourceTree = "<group>"; };
		F100000014 /* SMC.h */ = {isa = PBXFileReference; lastKnownFileType = sourcecode.c.h; path = SMC.h; sourceTree = "<group>"; };
		F100000015 /* module.modulemap */ = {isa = PBXFileReference; lastKnownFileType = "sourcecode.module-map"; path = module.modulemap; sourceTree = "<group>"; };
		F100000016 /* Info.plist (Helper) */ = {isa = PBXFileReference; lastKnownFileType = text.plist.xml; name = "Info.plist (Helper)"; path = Info.plist; sourceTree = "<group>"; };
		F100000017 /* com.airbender.helper.plist */ = {isa = PBXFileReference; lastKnownFileType = text.plist.xml; path = com.airbender.helper.plist; sourceTree = "<group>"; };
		F100000020 /* ServiceManagement.framework */ = {isa = PBXFileReference; lastKnownFileType = wrapper.framework; name = ServiceManagement.framework; path = System/Library/Frameworks/ServiceManagement.framework; sourceTree = SDKROOT; };
		F100000021 /* IOKit.framework */ = {isa = PBXFileReference; lastKnownFileType = wrapper.framework; name = IOKit.framework; path = System/Library/Frameworks/IOKit.framework; sourceTree = SDKROOT; };
		F100000022 /* Security.framework */ = {isa = PBXFileReference; lastKnownFileType = wrapper.framework; name = Security.framework; path = System/Library/Frameworks/Security.framework; sourceTree = SDKROOT; };
/* End PBXFileReference section */

/* Begin PBXFrameworksBuildPhase section */
		E300000001 /* Frameworks */ = {
			isa = PBXFrameworksBuildPhase;
			buildActionMask = 2147483647;
			files = (
				A100000008 /* ServiceManagement.framework in Frameworks */,
			);
			runOnlyForDeploymentPostprocessing = 0;
		};
		E300000002 /* Frameworks */ = {
			isa = PBXFrameworksBuildPhase;
			buildActionMask = 2147483647;
			files = (
				B100000006 /* IOKit.framework in Frameworks */,
				B100000007 /* Security.framework in Frameworks */,
			);
			runOnlyForDeploymentPostprocessing = 0;
		};
/* End PBXFrameworksBuildPhase section */

/* Begin PBXGroup section */
		G000000000 = {
			isa = PBXGroup;
			children = (
				G100000000 /* AirBender.app */,
				G200000000 /* com.airbender.helper */,
				G300000000 /* Frameworks */,
				G400000000 /* Products */,
			);
			sourceTree = "<group>";
		};
		G100000000 /* AirBender.app */ = {
			isa = PBXGroup;
			children = (
				F100000001 /* AirBenderApp.swift */,
				F100000007 /* Assets.xcassets */,
				F100000008 /* Info.plist */,
				F100000009 /* AirBender.entitlements */,
				G110000000 /* Views */,
				G120000000 /* ViewModels */,
				G130000000 /* Helper */,
				G140000000 /* Shared */,
			);
			path = AirBender.app;
			sourceTree = "<group>";
		};
		G110000000 /* Views */ = {
			isa = PBXGroup;
			children = (
				F100000002 /* FanControlPopoverView.swift */,
				F100000003 /* VisualEffectBackground.swift */,
			);
			path = Views;
			sourceTree = "<group>";
		};
		G120000000 /* ViewModels */ = {
			isa = PBXGroup;
			children = (
				F100000004 /* FanControlViewModel.swift */,
			);
			path = ViewModels;
			sourceTree = "<group>";
		};
		G130000000 /* Helper */ = {
			isa = PBXGroup;
			children = (
				F100000005 /* HelperClient.swift */,
			);
			path = Helper;
			sourceTree = "<group>";
		};
		G140000000 /* Shared */ = {
			isa = PBXGroup;
			children = (
				F100000006 /* HelperProtocol.swift */,
			);
			path = Shared;
			sourceTree = "<group>";
		};
		G200000000 /* com.airbender.helper */ = {
			isa = PBXGroup;
			children = (
				F100000010 /* main.swift */,
				F100000011 /* HelperService.swift */,
				F100000016 /* Info.plist (Helper) */,
				F100000017 /* com.airbender.helper.plist */,
				G210000000 /* SMCClient */,
			);
			path = com.airbender.helper;
			sourceTree = "<group>";
		};
		G210000000 /* SMCClient */ = {
			isa = PBXGroup;
			children = (
				F100000012 /* SMCWrapper.swift */,
				F100000013 /* SMC.c */,
				F100000014 /* SMC.h */,
				F100000015 /* module.modulemap */,
			);
			path = SMCClient;
			sourceTree = "<group>";
		};
		G300000000 /* Frameworks */ = {
			isa = PBXGroup;
			children = (
				F100000020 /* ServiceManagement.framework */,
				F100000021 /* IOKit.framework */,
				F100000022 /* Security.framework */,
			);
			name = Frameworks;
			sourceTree = "<group>";
		};
		G400000000 /* Products */ = {
			isa = PBXGroup;
			children = (
				E200000001 /* AirBender.app */,
				E200000002 /* com.airbender.helper */,
			);
			name = Products;
			sourceTree = "<group>";
		};
/* End PBXGroup section */

/* Begin PBXNativeTarget section */
		T100000001 /* AirBender */ = {
			isa = PBXNativeTarget;
			buildConfigurationList = X100000001 /* Build configuration list for PBXNativeTarget "AirBender" */;
			buildPhases = (
				E500000001 /* Sources */,
				E300000001 /* Frameworks */,
				E600000001 /* Resources */,
				D100000001 /* Copy Helper */,
				D100000002 /* Copy Launch Daemon Plist */,
			);
			buildRules = (
			);
			dependencies = (
				DEP0000001 /* PBXTargetDependency */,
			);
			name = AirBender;
			productName = AirBender;
			productReference = E200000001 /* AirBender.app */;
			productType = "com.apple.product-type.application";
		};
		T100000002 /* com.airbender.helper */ = {
			isa = PBXNativeTarget;
			buildConfigurationList = X100000002 /* Build configuration list for PBXNativeTarget "com.airbender.helper" */;
			buildPhases = (
				E500000002 /* Sources */,
				E300000002 /* Frameworks */,
			);
			buildRules = (
			);
			dependencies = (
			);
			name = com.airbender.helper;
			productName = com.airbender.helper;
			productReference = E200000002 /* com.airbender.helper */;
			productType = "com.apple.product-type.tool";
		};
/* End PBXNativeTarget section */

/* Begin PBXProject section */
		P000000001 /* Project object */ = {
			isa = PBXProject;
			attributes = {
				BuildIndependentTargetsInParallel = 1;
				LastSwiftUpdateCheck = 1600;
				LastUpgradeCheck = 2700;
			};
			buildConfigurationList = X000000001 /* Build configuration list for PBXProject "AirBender" */;
			compatibilityVersion = "Xcode 14.0";
			developmentRegion = en;
			hasScannedForEncodings = 0;
			knownRegions = (
				en,
				Base,
			);
			mainGroup = G000000000;
			productRefGroup = G400000000 /* Products */;
			projectDirPath = "";
			projectRoot = "";
			targets = (
				T100000001 /* AirBender */,
				T100000002 /* com.airbender.helper */,
			);
		};
/* End PBXProject section */

/* Begin PBXResourcesBuildPhase section */
		E600000001 /* Resources */ = {
			isa = PBXResourcesBuildPhase;
			buildActionMask = 2147483647;
			files = (
				A100000007 /* Assets.xcassets in Resources */,
			);
			runOnlyForDeploymentPostprocessing = 0;
		};
/* End PBXResourcesBuildPhase section */

/* Begin PBXSourcesBuildPhase section */
		E500000001 /* Sources */ = {
			isa = PBXSourcesBuildPhase;
			buildActionMask = 2147483647;
			files = (
				A100000001 /* AirBenderApp.swift in Sources */,
				A100000002 /* FanControlPopoverView.swift in Sources */,
				A100000003 /* VisualEffectBackground.swift in Sources */,
				A100000004 /* FanControlViewModel.swift in Sources */,
				A100000005 /* HelperClient.swift in Sources */,
				A100000006 /* HelperProtocol.swift in Sources */,
			);
			runOnlyForDeploymentPostprocessing = 0;
		};
		E500000002 /* Sources */ = {
			isa = PBXSourcesBuildPhase;
			buildActionMask = 2147483647;
			files = (
				B100000001 /* main.swift in Sources */,
				B100000002 /* HelperService.swift in Sources */,
				B100000003 /* SMCWrapper.swift in Sources */,
				B100000004 /* SMC.c in Sources */,
				B100000005 /* HelperProtocol.swift in Sources */,
			);
			runOnlyForDeploymentPostprocessing = 0;
		};
/* End PBXSourcesBuildPhase section */

/* Begin PBXTargetDependency section */
		DEP0000001 /* PBXTargetDependency */ = {
			isa = PBXTargetDependency;
			target = T100000002 /* com.airbender.helper */;
			targetProxy = PROXY000001 /* PBXContainerItemProxy */;
		};
/* End PBXTargetDependency section */

/* Begin XCBuildConfiguration section */
		XC00000001 /* Debug */ = {
			isa = XCBuildConfiguration;
			buildSettings = {
				ALWAYS_SEARCH_USER_PATHS = NO;
				ASSETCATALOG_COMPILER_GENERATE_SWIFT_ASSET_SYMBOL_EXTENSIONS = YES;
				CLANG_ANALYZER_NONNULL = YES;
				CLANG_ANALYZER_NUMBER_OBJECT_CONVERSION = YES_AGGRESSIVE;
				CLANG_CXX_LANGUAGE_STANDARD = "gnu++20";
				CLANG_ENABLE_MODULES = YES;
				CLANG_ENABLE_OBJC_ARC = YES;
				CLANG_ENABLE_OBJC_WEAK = YES;
				CLANG_WARN_BLOCK_CAPTURE_AUTORELEASING = YES;
				CLANG_WARN_BOOL_CONVERSION = YES;
				CLANG_WARN_COMMA = YES;
				CLANG_WARN_CONSTANT_CONVERSION = YES;
				CLANG_WARN_DEPRECATED_OBJC_IMPLEMENTATIONS = YES;
				CLANG_WARN_DIRECT_OBJC_ISA_USAGE = YES_ERROR;
				CLANG_WARN_DOCUMENTATION_COMMENTS = YES;
				CLANG_WARN_EMPTY_BODY = YES;
				CLANG_WARN_ENUM_CONVERSION = YES;
				CLANG_WARN_INFINITE_RECURSION = YES;
				CLANG_WARN_INT_CONVERSION = YES;
				CLANG_WARN_NON_LITERAL_NULL_CONVERSION = YES;
				CLANG_WARN_OBJC_IMPLICIT_RETAIN_SELF = YES;
				CLANG_WARN_OBJC_LITERAL_CONVERSION = YES;
				CLANG_WARN_OBJC_ROOT_CLASS = YES_ERROR;
				CLANG_WARN_QUOTED_INCLUDE_IN_FRAMEWORK_HEADER = YES;
				CLANG_WARN_RANGE_LOOP_ANALYSIS = YES;
				CLANG_WARN_STRICT_PROTOTYPES = YES;
				CLANG_WARN_SUSPICIOUS_MOVE = YES;
				CLANG_WARN_UNGUARDED_AVAILABILITY = YES_AGGRESSIVE;
				CLANG_WARN_UNREACHABLE_CODE = YES;
				CLANG_WARN__DUPLICATE_METHOD_MATCH = YES;
				COPY_PHASE_STRIP = NO;
				DEAD_CODE_STRIPPING = YES;
				DEBUG_INFORMATION_FORMAT = dwarf;
				DEVELOPMENT_TEAM = N392C48YLY;
				ENABLE_STRICT_OBJC_MSGSEND = YES;
				ENABLE_TESTABILITY = YES;
				ENABLE_USER_SCRIPT_SANDBOXING = YES;
				GCC_C_LANGUAGE_STANDARD = gnu17;
				GCC_DYNAMIC_NO_PIC = NO;
				GCC_NO_COMMON_BLOCKS = YES;
				GCC_OPTIMIZATION_LEVEL = 0;
				GCC_PREPROCESSOR_DEFINITIONS = (
					"DEBUG=1",
					"$(inherited)",
				);
				GCC_WARN_64_TO_32_BIT_CONVERSION = YES;
				GCC_WARN_ABOUT_RETURN_TYPE = YES_ERROR;
				GCC_WARN_UNDECLARED_SELECTOR = YES;
				GCC_WARN_UNINITIALIZED_AUTOS = YES_AGGRESSIVE;
				GCC_WARN_UNUSED_FUNCTION = YES;
				GCC_WARN_UNUSED_VARIABLE = YES;
				MACOSX_DEPLOYMENT_TARGET = 14.0;
				MTL_ENABLE_DEBUG_INFO = INCLUDE_SOURCE;
				MTL_FAST_MATH = YES;
				ONLY_ACTIVE_ARCH = YES;
				SDKROOT = macosx;
				STRING_CATALOG_GENERATE_SYMBOLS = YES;
				SWIFT_ACTIVE_COMPILATION_CONDITIONS = "$(inherited) DEBUG";
				SWIFT_OPTIMIZATION_LEVEL = "-Onone";
				SWIFT_VERSION = 5.0;
			};
			name = Debug;
		};
		XC00000002 /* Release */ = {
			isa = XCBuildConfiguration;
			buildSettings = {
				ALWAYS_SEARCH_USER_PATHS = NO;
				ASSETCATALOG_COMPILER_GENERATE_SWIFT_ASSET_SYMBOL_EXTENSIONS = YES;
				CLANG_ANALYZER_NONNULL = YES;
				CLANG_ANALYZER_NUMBER_OBJECT_CONVERSION = YES_AGGRESSIVE;
				CLANG_CXX_LANGUAGE_STANDARD = "gnu++20";
				CLANG_ENABLE_MODULES = YES;
				CLANG_ENABLE_OBJC_ARC = YES;
				CLANG_ENABLE_OBJC_WEAK = YES;
				CLANG_WARN_BLOCK_CAPTURE_AUTORELEASING = YES;
				CLANG_WARN_BOOL_CONVERSION = YES;
				CLANG_WARN_COMMA = YES;
				CLANG_WARN_CONSTANT_CONVERSION = YES;
				CLANG_WARN_DEPRECATED_OBJC_IMPLEMENTATIONS = YES;
				CLANG_WARN_DIRECT_OBJC_ISA_USAGE = YES_ERROR;
				CLANG_WARN_DOCUMENTATION_COMMENTS = YES;
				CLANG_WARN_EMPTY_BODY = YES;
				CLANG_WARN_ENUM_CONVERSION = YES;
				CLANG_WARN_INFINITE_RECURSION = YES;
				CLANG_WARN_INT_CONVERSION = YES;
				CLANG_WARN_NON_LITERAL_NULL_CONVERSION = YES;
				CLANG_WARN_OBJC_IMPLICIT_RETAIN_SELF = YES;
				CLANG_WARN_OBJC_LITERAL_CONVERSION = YES;
				CLANG_WARN_OBJC_ROOT_CLASS = YES_ERROR;
				CLANG_WARN_QUOTED_INCLUDE_IN_FRAMEWORK_HEADER = YES;
				CLANG_WARN_RANGE_LOOP_ANALYSIS = YES;
				CLANG_WARN_STRICT_PROTOTYPES = YES;
				CLANG_WARN_SUSPICIOUS_MOVE = YES;
				CLANG_WARN_UNGUARDED_AVAILABILITY = YES_AGGRESSIVE;
				CLANG_WARN_UNREACHABLE_CODE = YES;
				CLANG_WARN__DUPLICATE_METHOD_MATCH = YES;
				COPY_PHASE_STRIP = NO;
				DEAD_CODE_STRIPPING = YES;
				DEBUG_INFORMATION_FORMAT = "dwarf-with-dsym";
				DEVELOPMENT_TEAM = N392C48YLY;
				ENABLE_NS_ASSERTIONS = NO;
				ENABLE_STRICT_OBJC_MSGSEND = YES;
				ENABLE_USER_SCRIPT_SANDBOXING = YES;
				GCC_C_LANGUAGE_STANDARD = gnu17;
				GCC_NO_COMMON_BLOCKS = YES;
				GCC_WARN_64_TO_32_BIT_CONVERSION = YES;
				GCC_WARN_ABOUT_RETURN_TYPE = YES_ERROR;
				GCC_WARN_UNDECLARED_SELECTOR = YES;
				GCC_WARN_UNINITIALIZED_AUTOS = YES_AGGRESSIVE;
				GCC_WARN_UNUSED_FUNCTION = YES;
				GCC_WARN_UNUSED_VARIABLE = YES;
				MACOSX_DEPLOYMENT_TARGET = 14.0;
				MTL_ENABLE_DEBUG_INFO = NO;
				MTL_FAST_MATH = YES;
				SDKROOT = macosx;
				STRING_CATALOG_GENERATE_SYMBOLS = YES;
				SWIFT_COMPILATION_MODE = wholemodule;
				SWIFT_VERSION = 5.0;
			};
			name = Release;
		};
		XC10000001 /* Debug */ = {
			isa = XCBuildConfiguration;
			buildSettings = {
				ASSETCATALOG_COMPILER_APPICON_NAME = AppIcon;
				CODE_SIGN_ENTITLEMENTS = AirBender.app/AirBender.entitlements;
				CODE_SIGN_IDENTITY = "Apple Development";
				"CODE_SIGN_IDENTITY[sdk=macosx*]" = "Apple Development";
				CODE_SIGN_STYLE = Automatic;
				COMBINE_HIDPI_IMAGES = YES;
				CURRENT_PROJECT_VERSION = 1;
				DEAD_CODE_STRIPPING = YES;
				ENABLE_HARDENED_RUNTIME = YES;
				GENERATE_INFOPLIST_FILE = NO;
				INFOPLIST_FILE = AirBender.app/Info.plist;
				LD_RUNPATH_SEARCH_PATHS = (
					"$(inherited)",
					"@executable_path/../Frameworks",
				);
				MARKETING_VERSION = 1.0;
				PRODUCT_BUNDLE_IDENTIFIER = com.airbender.app;
				PRODUCT_NAME = "$(TARGET_NAME)";
				PROVISIONING_PROFILE_SPECIFIER = "";
				SWIFT_EMIT_LOC_STRINGS = YES;
			};
			name = Debug;
		};
		XC10000002 /* Release */ = {
			isa = XCBuildConfiguration;
			buildSettings = {
				ASSETCATALOG_COMPILER_APPICON_NAME = AppIcon;
				CODE_SIGN_ENTITLEMENTS = AirBender.app/AirBender.entitlements;
				CODE_SIGN_IDENTITY = "Apple Development";
				"CODE_SIGN_IDENTITY[sdk=macosx*]" = "Apple Development";
				CODE_SIGN_STYLE = Automatic;
				COMBINE_HIDPI_IMAGES = YES;
				CURRENT_PROJECT_VERSION = 1;
				DEAD_CODE_STRIPPING = YES;
				ENABLE_HARDENED_RUNTIME = YES;
				GENERATE_INFOPLIST_FILE = NO;
				INFOPLIST_FILE = AirBender.app/Info.plist;
				LD_RUNPATH_SEARCH_PATHS = (
					"$(inherited)",
					"@executable_path/../Frameworks",
				);
				MARKETING_VERSION = 1.0;
				PRODUCT_BUNDLE_IDENTIFIER = com.airbender.app;
				PRODUCT_NAME = "$(TARGET_NAME)";
				PROVISIONING_PROFILE_SPECIFIER = "";
				SWIFT_EMIT_LOC_STRINGS = YES;
			};
			name = Release;
		};
		XC20000001 /* Debug */ = {
			isa = XCBuildConfiguration;
			buildSettings = {
				CODE_SIGN_IDENTITY = "Apple Development";
				"CODE_SIGN_IDENTITY[sdk=macosx*]" = "Apple Development";
				CODE_SIGN_STYLE = Automatic;
				CREATE_INFOPLIST_SECTION_IN_BINARY = YES;
				CURRENT_PROJECT_VERSION = 1;
				DEAD_CODE_STRIPPING = YES;
				ENABLE_HARDENED_RUNTIME = YES;
				GENERATE_INFOPLIST_FILE = NO;
				HEADER_SEARCH_PATHS = "$(SRCROOT)/com.airbender.helper/SMCClient";
				INFOPLIST_FILE = com.airbender.helper/Info.plist;
				MARKETING_VERSION = 1.0;
				PRODUCT_BUNDLE_IDENTIFIER = com.airbender.helper;
				PRODUCT_NAME = "$(TARGET_NAME)";
				PROVISIONING_PROFILE_SPECIFIER = "";
				SKIP_INSTALL = YES;
				SWIFT_INCLUDE_PATHS = "$(SRCROOT)/com.airbender.helper/SMCClient";
			};
			name = Debug;
		};
		XC20000002 /* Release */ = {
			isa = XCBuildConfiguration;
			buildSettings = {
				CODE_SIGN_IDENTITY = "Apple Development";
				"CODE_SIGN_IDENTITY[sdk=macosx*]" = "Apple Development";
				CODE_SIGN_STYLE = Automatic;
				CREATE_INFOPLIST_SECTION_IN_BINARY = YES;
				CURRENT_PROJECT_VERSION = 1;
				DEAD_CODE_STRIPPING = YES;
				ENABLE_HARDENED_RUNTIME = YES;
				GENERATE_INFOPLIST_FILE = NO;
				HEADER_SEARCH_PATHS = "$(SRCROOT)/com.airbender.helper/SMCClient";
				INFOPLIST_FILE = com.airbender.helper/Info.plist;
				MARKETING_VERSION = 1.0;
				PRODUCT_BUNDLE_IDENTIFIER = com.airbender.helper;
				PRODUCT_NAME = "$(TARGET_NAME)";
				PROVISIONING_PROFILE_SPECIFIER = "";
				SKIP_INSTALL = YES;
				SWIFT_INCLUDE_PATHS = "$(SRCROOT)/com.airbender.helper/SMCClient";
			};
			name = Release;
		};
/* End XCBuildConfiguration section */

/* Begin XCConfigurationList section */
		X000000001 /* Build configuration list for PBXProject "AirBender" */ = {
			isa = XCConfigurationList;
			buildConfigurations = (
				XC00000001 /* Debug */,
				XC00000002 /* Release */,
			);
			defaultConfigurationIsVisible = 0;
			defaultConfigurationName = Release;
		};
		X100000001 /* Build configuration list for PBXNativeTarget "AirBender" */ = {
			isa = XCConfigurationList;
			buildConfigurations = (
				XC10000001 /* Debug */,
				XC10000002 /* Release */,
			);
			defaultConfigurationIsVisible = 0;
			defaultConfigurationName = Release;
		};
		X100000002 /* Build configuration list for PBXNativeTarget "com.airbender.helper" */ = {
			isa = XCConfigurationList;
			buildConfigurations = (
				XC20000001 /* Debug */,
				XC20000002 /* Release */,
			);
			defaultConfigurationIsVisible = 0;
			defaultConfigurationName = Release;
		};
/* End XCConfigurationList section */
	};
	rootObject = P000000001 /* Project object */;
}
